# This file is automatically @generated by Poetry 1.5.1 and should not be changed by hand.

[[package]]
name = "markdown"
version = "3.5"
description = "Python implementation of John Gruber's Markdown."
optional = false
python-versions = ">=3.8"
files = [
    {file = "Markdown-3.5-py3-none-any.whl", hash = "sha256:4afb124395ce5fc34e6d9886dab977fd9ae987fc6e85689f08278cf0c69d4bf3"},
    {file = "Markdown-3.5.tar.gz", hash = "sha256:a807eb2e4778d9156c8f07876c6e4d50b5494c5665c4834f67b06459dfd877b3"},
]

[package.extras]
docs = ["mdx-gh-links (>=0.2)", "mkdocs (>=1.5)", "mkdocs-gen-files", "mkdocs-literate-nav", "mkdocs-nature (>=0.6)", "mkdocs-section-index", "mkdocstrings[python]"]
testing = ["coverage", "pyyaml"]

[metadata]
lock-version = "2.0"
python-versions = "^3.11"
content-hash = "2025d1f946fbe8c9f3a36b6d24bc77befa1f0516dc19b119ee445a039de88673"
